
Microsoft Visual Studio Solution File, Format Version 12.00
# Visual Studio Version 16
VisualStudioVersion = 16.0.29920.165
MinimumVisualStudioVersion = 10.0.40219.1
Project("{FAE04EC0-301F-11D3-BF4B-00C04F79EFBC}") = "TesteAutomationPratice", "TesteAutomationPratice\TesteAutomationPratice.csproj", "{0036A8FB-6DB0-48A5-A9FF-22AC6EBEA758}"
EndProject
Global
	GlobalSection(SolutionConfigurationPlatforms) = preSolution
		Debug|Any CPU = Debug|Any CPU
		Release|Any CPU = Release|Any CPU
	EndGlobalSection
	GlobalSection(ProjectConfigurationPlatforms) = postSolution
		{0036A8FB-6DB0-48A5-A9FF-22AC6EBEA758}.Debug|Any CPU.ActiveCfg = Debug|Any CPU
		{0036A8FB-6DB0-48A5-A9FF-22AC6EBEA758}.Debug|Any CPU.Build.0 = Debug|Any CPU
		{0036A8FB-6DB0-48A5-A9FF-22AC6EBEA758}.Release|Any CPU.ActiveCfg = Release|Any CPU
		{0036A8FB-6DB0-48A5-A9FF-22AC6EBEA758}.Release|Any CPU.Build.0 = Release|Any CPU
	EndGlobalSection
	GlobalSection(SolutionProperties) = preSolution
		HideSolutionNode = FALSE
	EndGlobalSection
	GlobalSection(ExtensibilityGlobals) = postSolution
		SolutionGuid = {D3686391-8D86-4A90-AB2B-8F2BDE9F4488}
	EndGlobalSection
EndGlobal
